
Microsoft Visual Studio Solution File, Format Version 12.00
# Visual Studio Version 16
VisualStudioVersion = 16.0.29215.179
MinimumVisualStudioVersion = 10.0.40219.1
Project("{9A19103F-16F7-4668-BE54-9A1E7A4F7556}") = "lab_09_constructor", "lab_09\lab_09_constructor.csproj", "{99FA11DA-9F17-4FF4-9707-1845B36EB770}"
EndProject
Project("{9A19103F-16F7-4668-BE54-9A1E7A4F7556}") = "lab_10_overloading", "lab_10_overloading\lab_10_overloading.csproj", "{94946E38-074F-463E-8B7C-5E020DEC65B4}"
EndProject
Project("{9A19103F-16F7-4668-BE54-9A1E7A4F7556}") = "lab_11_polymorphism", "lab_11_polymorphism\lab_11_polymorphism.csproj", "{53EB8E7C-DE7D-4DEB-BBE0-018BF0197723}"
EndProject
Project("{9A19103F-16F7-4668-BE54-9A1E7A4F7556}") = "lab_12_DO_IT_rabbit_explosion", "lab_12_DO_IT\lab_12_DO_IT_rabbit_explosion.csproj", "{CDF6A6D7-CCF4-4598-80CF-D6061FD77593}"
EndProject
Project("{9A19103F-16F7-4668-BE54-9A1E7A4F7556}") = "Tests", "Tests\Tests.csproj", "{A1702328-99EE-4E9F-BE17-291B266DFE0E}"
EndProject
Project("{9A19103F-16F7-4668-BE54-9A1E7A4F7556}") = "lab_13_test_me_out", "lab_13_test_me_out\lab_13_test_me_out.csproj", "{BCF5CDD4-062C-493D-B301-B1615453051D}"
EndProject
Project("{9A19103F-16F7-4668-BE54-9A1E7A4F7556}") = "lab_14_Files", "lab_14_Files\lab_14_Files.csproj", "{7C0F5DDA-4245-49F8-874F-1BC8437A2748}"
EndProject
Project("{9A19103F-16F7-4668-BE54-9A1E7A4F7556}") = "lab_15_stopwatch", "lab_15_stopwatch\lab_15_stopwatch.csproj", "{4280919C-7351-400D-A671-69A5275B5793}"
EndProject
Project("{9A19103F-16F7-4668-BE54-9A1E7A4F7556}") = "Sam_Rabbit_Explosion", "Sam_Rabbit_Explosion\Sam_Rabbit_Explosion.csproj", "{B141EF3C-9057-4F83-9EC0-FE79C51F074F}"
EndProject
Project("{9A19103F-16F7-4668-BE54-9A1E7A4F7556}") = "lab_16_abstract_class", "lab_16_abstract_class\lab_16_abstract_class.csproj", "{91679C48-8D08-46BF-BA27-599B947329A6}"
EndProject
Project("{9A19103F-16F7-4668-BE54-9A1E7A4F7556}") = "lab_17_security", "lab_17_security\lab_17_security.csproj", "{1B86AB6C-E61E-4BCB-A3D1-D7E4BA3136A0}"
EndProject
Project("{FAE04EC0-301F-11D3-BF4B-00C04F79EFBC}") = "lab_18_wpf_rabbit_explosion", "lab_18_wpf_rabbit_explosion\lab_18_wpf_rabbit_explosion.csproj", "{65FFD8BD-7BBF-4DDA-8A5C-3A29939B111D}"
EndProject
Project("{FAE04EC0-301F-11D3-BF4B-00C04F79EFBC}") = "lab_19_rabbit_database_explosion", "lab_19_rabbit_database_explosion\lab_19_rabbit_database_explosion.csproj", "{3265A002-8637-4C65-8859-0B258402286A}"
EndProject
Project("{FAE04EC0-301F-11D3-BF4B-00C04F79EFBC}") = "Just_Do_It_Rabbit_12_Explosion", "Just_Do_It_Rabbit_12_Explosion\Just_Do_It_Rabbit_12_Explosion.csproj", "{66FE0156-C114-4679-BB3D-EB79B7903AC6}"
EndProject
Project("{FAE04EC0-301F-11D3-BF4B-00C04F79EFBC}") = "lab_20_rabbit_database_CRUD", "lab_20_rabbit_database_CRUD\lab_20_rabbit_database_CRUD.csproj", "{59B3BAD4-9867-40D0-8E72-841CFF8A58CE}"
EndProject
Project("{9A19103F-16F7-4668-BE54-9A1E7A4F7556}") = "lab_21_struct", "lab_21_struct\lab_21_struct.csproj", "{FB6EB55D-7D1E-4037-8E06-E6B20780F272}"
EndProject
Project("{9A19103F-16F7-4668-BE54-9A1E7A4F7556}") = "lab_22_array", "lab_22_array\lab_22_array.csproj", "{085BB2E0-8ADA-4BF0-A6CB-74263ECB3ABD}"
EndProject
Project("{9A19103F-16F7-4668-BE54-9A1E7A4F7556}") = "lab_23_collections", "lab_23_collections\lab_23_collections.csproj", "{AAAD8E7E-413B-4FAA-9315-A97ED3DD2B05}"
EndProject
Project("{FAE04EC0-301F-11D3-BF4B-00C04F79EFBC}") = "lab_24_Northwind", "lab_24_Northwind\lab_24_Northwind.csproj", "{A4369359-5445-43DA-91D2-3B67B44D45A9}"
EndProject
Project("{FAE04EC0-301F-11D3-BF4B-00C04F79EFBC}") = "lab_25_LINQ", "lab_25_LINQ\lab_25_LINQ.csproj", "{316972B0-15D5-4398-87F2-A8CB44BBD249}"
EndProject
Project("{FAE04EC0-301F-11D3-BF4B-00C04F79EFBC}") = "lab_26_Customers_App", "lab_26_Customers_App\lab_26_Customers_App.csproj", "{8F3C7B71-16A2-4200-B2D9-7795AFE4F1E5}"
EndProject
Project("{9A19103F-16F7-4668-BE54-9A1E7A4F7556}") = "lab_27_data_types", "lab_27_data_types\lab_27_data_types.csproj", "{3AFDFF9E-9B7C-4337-80CB-C85DC242C0F1}"
EndProject
Project("{9A19103F-16F7-4668-BE54-9A1E7A4F7556}") = "lab_28_exception", "lab_28_exception\lab_28_exception.csproj", "{5E191F72-8344-4034-A17E-434A1875492F}"
EndProject
Project("{9A19103F-16F7-4668-BE54-9A1E7A4F7556}") = "lab_29_interfaces", "lab_29_interfaces\lab_29_interfaces.csproj", "{C4FFE7B3-BA07-4D06-BFBD-1C428966E584}"
EndProject
Project("{FAE04EC0-301F-11D3-BF4B-00C04F79EFBC}") = "project_1000_console", "project_1000_console\project_1000_console.csproj", "{A957A6CD-6EFA-41E6-9DA2-22598B3B87B7}"
EndProject
Project("{FAE04EC0-301F-11D3-BF4B-00C04F79EFBC}") = "project_1000_wpf", "project_1000_wpf\project_1000_wpf.csproj", "{0EA81906-AA9D-4BB5-8BF6-A0A109D8404F}"
EndProject
Project("{FAE04EC0-301F-11D3-BF4B-00C04F79EFBC}") = "lab_30_ListView", "lab_30_ListView\lab_30_ListView.csproj", "{4EF0690B-47FA-4D8F-BB97-F8064D49468D}"
EndProject
Project("{FAE04EC0-301F-11D3-BF4B-00C04F79EFBC}") = "lab_31_export_to_office", "lab_31_export_to_office\lab_31_export_to_office.csproj", "{A9C44D89-28BB-4A3A-AEAD-844CFEA0084A}"
EndProject
Project("{9A19103F-16F7-4668-BE54-9A1E7A4F7556}") = "lab_32_async", "lab_32_async\lab_32_async.csproj", "{62BF11FC-6634-4849-AC64-C1084813994F}"
EndProject
Project("{9A19103F-16F7-4668-BE54-9A1E7A4F7556}") = "lab_33_tasks", "lab_33_tasks\lab_33_tasks.csproj", "{CA9FE1E4-1074-4228-8A41-8FCB80919264}"
EndProject
Project("{9A19103F-16F7-4668-BE54-9A1E7A4F7556}") = "lab_34_events", "lab_34_events\lab_34_events.csproj", "{C555D52C-76DB-4328-9A35-8A71E42EC23D}"
EndProject
Project("{9A19103F-16F7-4668-BE54-9A1E7A4F7556}") = "lab_35_oop_events", "lab_35_oop_events\lab_35_oop_events.csproj", "{77C17B0A-C066-4F63-ADF1-96985C0D78DC}"
EndProject
Project("{FAE04EC0-301F-11D3-BF4B-00C04F79EFBC}") = "lab_36_API_Northwind", "lab_36_API_Northwind\lab_36_API_Northwind.csproj", "{B548C505-E147-40DD-8410-A5447BF90474}"
EndProject
Project("{9A19103F-16F7-4668-BE54-9A1E7A4F7556}") = "lab_37_API_To_Do", "lab_37_API_To_Do\lab_37_API_To_Do.csproj", "{882BACD5-5B0A-4E09-9581-7E07ED0B72EB}"
EndProject
Project("{9A19103F-16F7-4668-BE54-9A1E7A4F7556}") = "lab_38_reference_value_types", "lab_38_reference_value_types\lab_38_reference_value_types.csproj", "{51FEB3E6-C400-4F08-8CEB-66C6E40BF851}"
EndProject
Project("{9A19103F-16F7-4668-BE54-9A1E7A4F7556}") = "lab_39_overflow", "lab_39_overflow\lab_39_overflow.csproj", "{332D1A19-8548-4701-AF4F-DBCE11DC5CFE}"
EndProject
Project("{FAE04EC0-301F-11D3-BF4B-00C04F79EFBC}") = "lab_40_raw_sql", "lab_40_raw_sql\lab_40_raw_sql.csproj", "{45CB1721-DE8D-416C-A84E-4F7706B832A4}"
EndProject
Global
	GlobalSection(SolutionConfigurationPlatforms) = preSolution
		Debug|Any CPU = Debug|Any CPU
		Release|Any CPU = Release|Any CPU
	EndGlobalSection
	GlobalSection(ProjectConfigurationPlatforms) = postSolution
		{99FA11DA-9F17-4FF4-9707-1845B36EB770}.Debug|Any CPU.ActiveCfg = Debug|Any CPU
		{99FA11DA-9F17-4FF4-9707-1845B36EB770}.Debug|Any CPU.Build.0 = Debug|Any CPU
		{99FA11DA-9F17-4FF4-9707-1845B36EB770}.Release|Any CPU.ActiveCfg = Release|Any CPU
		{99FA11DA-9F17-4FF4-9707-1845B36EB770}.Release|Any CPU.Build.0 = Release|Any CPU
		{94946E38-074F-463E-8B7C-5E020DEC65B4}.Debug|Any CPU.ActiveCfg = Debug|Any CPU
		{94946E38-074F-463E-8B7C-5E020DEC65B4}.Debug|Any CPU.Build.0 = Debug|Any CPU
		{94946E38-074F-463E-8B7C-5E020DEC65B4}.Release|Any CPU.ActiveCfg = Release|Any CPU
		{94946E38-074F-463E-8B7C-5E020DEC65B4}.Release|Any CPU.Build.0 = Release|Any CPU
		{53EB8E7C-DE7D-4DEB-BBE0-018BF0197723}.Debug|Any CPU.ActiveCfg = Debug|Any CPU
		{53EB8E7C-DE7D-4DEB-BBE0-018BF0197723}.Debug|Any CPU.Build.0 = Debug|Any CPU
		{53EB8E7C-DE7D-4DEB-BBE0-018BF0197723}.Release|Any CPU.ActiveCfg = Release|Any CPU
		{53EB8E7C-DE7D-4DEB-BBE0-018BF0197723}.Release|Any CPU.Build.0 = Release|Any CPU
		{CDF6A6D7-CCF4-4598-80CF-D6061FD77593}.Debug|Any CPU.ActiveCfg = Debug|Any CPU
		{CDF6A6D7-CCF4-4598-80CF-D6061FD77593}.Debug|Any CPU.Build.0 = Debug|Any CPU
		{CDF6A6D7-CCF4-4598-80CF-D6061FD77593}.Release|Any CPU.ActiveCfg = Release|Any CPU
		{CDF6A6D7-CCF4-4598-80CF-D6061FD77593}.Release|Any CPU.Build.0 = Release|Any CPU
		{A1702328-99EE-4E9F-BE17-291B266DFE0E}.Debug|Any CPU.ActiveCfg = Debug|Any CPU
		{A1702328-99EE-4E9F-BE17-291B266DFE0E}.Debug|Any CPU.Build.0 = Debug|Any CPU
		{A1702328-99EE-4E9F-BE17-291B266DFE0E}.Release|Any CPU.ActiveCfg = Release|Any CPU
		{A1702328-99EE-4E9F-BE17-291B266DFE0E}.Release|Any CPU.Build.0 = Release|Any CPU
		{BCF5CDD4-062C-493D-B301-B1615453051D}.Debug|Any CPU.ActiveCfg = Debug|Any CPU
		{BCF5CDD4-062C-493D-B301-B1615453051D}.Debug|Any CPU.Build.0 = Debug|Any CPU
		{BCF5CDD4-062C-493D-B301-B1615453051D}.Release|Any CPU.ActiveCfg = Release|Any CPU
		{BCF5CDD4-062C-493D-B301-B1615453051D}.Release|Any CPU.Build.0 = Release|Any CPU
		{7C0F5DDA-4245-49F8-874F-1BC8437A2748}.Debug|Any CPU.ActiveCfg = Debug|Any CPU
		{7C0F5DDA-4245-49F8-874F-1BC8437A2748}.Debug|Any CPU.Build.0 = Debug|Any CPU
		{7C0F5DDA-4245-49F8-874F-1BC8437A2748}.Release|Any CPU.ActiveCfg = Release|Any CPU
		{7C0F5DDA-4245-49F8-874F-1BC8437A2748}.Release|Any CPU.Build.0 = Release|Any CPU
		{4280919C-7351-400D-A671-69A5275B5793}.Debug|Any CPU.ActiveCfg = Debug|Any CPU
		{4280919C-7351-400D-A671-69A5275B5793}.Debug|Any CPU.Build.0 = Debug|Any CPU
		{4280919C-7351-400D-A671-69A5275B5793}.Release|Any CPU.ActiveCfg = Release|Any CPU
		{4280919C-7351-400D-A671-69A5275B5793}.Release|Any CPU.Build.0 = Release|Any CPU
		{B141EF3C-9057-4F83-9EC0-FE79C51F074F}.Debug|Any CPU.ActiveCfg = Debug|Any CPU
		{B141EF3C-9057-4F83-9EC0-FE79C51F074F}.Debug|Any CPU.Build.0 = Debug|Any CPU
		{B141EF3C-9057-4F83-9EC0-FE79C51F074F}.Release|Any CPU.ActiveCfg = Release|Any CPU
		{B141EF3C-9057-4F83-9EC0-FE79C51F074F}.Release|Any CPU.Build.0 = Release|Any CPU
		{91679C48-8D08-46BF-BA27-599B947329A6}.Debug|Any CPU.ActiveCfg = Debug|Any CPU
		{91679C48-8D08-46BF-BA27-599B947329A6}.Debug|Any CPU.Build.0 = Debug|Any CPU
		{91679C48-8D08-46BF-BA27-599B947329A6}.Release|Any CPU.ActiveCfg = Release|Any CPU
		{91679C48-8D08-46BF-BA27-599B947329A6}.Release|Any CPU.Build.0 = Release|Any CPU
		{1B86AB6C-E61E-4BCB-A3D1-D7E4BA3136A0}.Debug|Any CPU.ActiveCfg = Debug|Any CPU
		{1B86AB6C-E61E-4BCB-A3D1-D7E4BA3136A0}.Debug|Any CPU.Build.0 = Debug|Any CPU
		{1B86AB6C-E61E-4BCB-A3D1-D7E4BA3136A0}.Release|Any CPU.ActiveCfg = Release|Any CPU
		{1B86AB6C-E61E-4BCB-A3D1-D7E4BA3136A0}.Release|Any CPU.Build.0 = Release|Any CPU
		{65FFD8BD-7BBF-4DDA-8A5C-3A29939B111D}.Debug|Any CPU.ActiveCfg = Debug|Any CPU
		{65FFD8BD-7BBF-4DDA-8A5C-3A29939B111D}.Debug|Any CPU.Build.0 = Debug|Any CPU
		{65FFD8BD-7BBF-4DDA-8A5C-3A29939B111D}.Release|Any CPU.ActiveCfg = Release|Any CPU
		{65FFD8BD-7BBF-4DDA-8A5C-3A29939B111D}.Release|Any CPU.Build.0 = Release|Any CPU
		{3265A002-8637-4C65-8859-0B258402286A}.Debug|Any CPU.ActiveCfg = Debug|Any CPU
		{3265A002-8637-4C65-8859-0B258402286A}.Debug|Any CPU.Build.0 = Debug|Any CPU
		{3265A002-8637-4C65-8859-0B258402286A}.Release|Any CPU.ActiveCfg = Release|Any CPU
		{3265A002-8637-4C65-8859-0B258402286A}.Release|Any CPU.Build.0 = Release|Any CPU
		{66FE0156-C114-4679-BB3D-EB79B7903AC6}.Debug|Any CPU.ActiveCfg = Debug|Any CPU
		{66FE0156-C114-4679-BB3D-EB79B7903AC6}.Debug|Any CPU.Build.0 = Debug|Any CPU
		{66FE0156-C114-4679-BB3D-EB79B7903AC6}.Release|Any CPU.ActiveCfg = Release|Any CPU
		{66FE0156-C114-4679-BB3D-EB79B7903AC6}.Release|Any CPU.Build.0 = Release|Any CPU
		{59B3BAD4-9867-40D0-8E72-841CFF8A58CE}.Debug|Any CPU.ActiveCfg = Debug|Any CPU
		{59B3BAD4-9867-40D0-8E72-841CFF8A58CE}.Debug|Any CPU.Build.0 = Debug|Any CPU
		{59B3BAD4-9867-40D0-8E72-841CFF8A58CE}.Release|Any CPU.ActiveCfg = Release|Any CPU
		{59B3BAD4-9867-40D0-8E72-841CFF8A58CE}.Release|Any CPU.Build.0 = Release|Any CPU
		{FB6EB55D-7D1E-4037-8E06-E6B20780F272}.Debug|Any CPU.ActiveCfg = Debug|Any CPU
		{FB6EB55D-7D1E-4037-8E06-E6B20780F272}.Debug|Any CPU.Build.0 = Debug|Any CPU
		{FB6EB55D-7D1E-4037-8E06-E6B20780F272}.Release|Any CPU.ActiveCfg = Release|Any CPU
		{FB6EB55D-7D1E-4037-8E06-E6B20780F272}.Release|Any CPU.Build.0 = Release|Any CPU
		{085BB2E0-8ADA-4BF0-A6CB-74263ECB3ABD}.Debug|Any CPU.ActiveCfg = Debug|Any CPU
		{085BB2E0-8ADA-4BF0-A6CB-74263ECB3ABD}.Debug|Any CPU.Build.0 = Debug|Any CPU
		{085BB2E0-8ADA-4BF0-A6CB-74263ECB3ABD}.Release|Any CPU.ActiveCfg = Release|Any CPU
		{085BB2E0-8ADA-4BF0-A6CB-74263ECB3ABD}.Release|Any CPU.Build.0 = Release|Any CPU
		{AAAD8E7E-413B-4FAA-9315-A97ED3DD2B05}.Debug|Any CPU.ActiveCfg = Debug|Any CPU
		{AAAD8E7E-413B-4FAA-9315-A97ED3DD2B05}.Debug|Any CPU.Build.0 = Debug|Any CPU
		{AAAD8E7E-413B-4FAA-9315-A97ED3DD2B05}.Release|Any CPU.ActiveCfg = Release|Any CPU
		{AAAD8E7E-413B-4FAA-9315-A97ED3DD2B05}.Release|Any CPU.Build.0 = Release|Any CPU
		{A4369359-5445-43DA-91D2-3B67B44D45A9}.Debug|Any CPU.ActiveCfg = Debug|Any CPU
		{A4369359-5445-43DA-91D2-3B67B44D45A9}.Debug|Any CPU.Build.0 = Debug|Any CPU
		{A4369359-5445-43DA-91D2-3B67B44D45A9}.Release|Any CPU.ActiveCfg = Release|Any CPU
		{A4369359-5445-43DA-91D2-3B67B44D45A9}.Release|Any CPU.Build.0 = Release|Any CPU
		{316972B0-15D5-4398-87F2-A8CB44BBD249}.Debug|Any CPU.ActiveCfg = Debug|Any CPU
		{316972B0-15D5-4398-87F2-A8CB44BBD249}.Debug|Any CPU.Build.0 = Debug|Any CPU
		{316972B0-15D5-4398-87F2-A8CB44BBD249}.Release|Any CPU.ActiveCfg = Release|Any CPU
		{316972B0-15D5-4398-87F2-A8CB44BBD249}.Release|Any CPU.Build.0 = Release|Any CPU
		{8F3C7B71-16A2-4200-B2D9-7795AFE4F1E5}.Debug|Any CPU.ActiveCfg = Debug|Any CPU
		{8F3C7B71-16A2-4200-B2D9-7795AFE4F1E5}.Debug|Any CPU.Build.0 = Debug|Any CPU
		{8F3C7B71-16A2-4200-B2D9-7795AFE4F1E5}.Release|Any CPU.ActiveCfg = Release|Any CPU
		{8F3C7B71-16A2-4200-B2D9-7795AFE4F1E5}.Release|Any CPU.Build.0 = Release|Any CPU
		{3AFDFF9E-9B7C-4337-80CB-C85DC242C0F1}.Debug|Any CPU.ActiveCfg = Debug|Any CPU
		{3AFDFF9E-9B7C-4337-80CB-C85DC242C0F1}.Debug|Any CPU.Build.0 = Debug|Any CPU
		{3AFDFF9E-9B7C-4337-80CB-C85DC242C0F1}.Release|Any CPU.ActiveCfg = Release|Any CPU
		{3AFDFF9E-9B7C-4337-80CB-C85DC242C0F1}.Release|Any CPU.Build.0 = Release|Any CPU
		{5E191F72-8344-4034-A17E-434A1875492F}.Debug|Any CPU.ActiveCfg = Debug|Any CPU
		{5E191F72-8344-4034-A17E-434A1875492F}.Debug|Any CPU.Build.0 = Debug|Any CPU
		{5E191F72-8344-4034-A17E-434A1875492F}.Release|Any CPU.ActiveCfg = Release|Any CPU
		{5E191F72-8344-4034-A17E-434A1875492F}.Release|Any CPU.Build.0 = Release|Any CPU
		{C4FFE7B3-BA07-4D06-BFBD-1C428966E584}.Debug|Any CPU.ActiveCfg = Debug|Any CPU
		{C4FFE7B3-BA07-4D06-BFBD-1C428966E584}.Debug|Any CPU.Build.0 = Debug|Any CPU
		{C4FFE7B3-BA07-4D06-BFBD-1C428966E584}.Release|Any CPU.ActiveCfg = Release|Any CPU
		{C4FFE7B3-BA07-4D06-BFBD-1C428966E584}.Release|Any CPU.Build.0 = Release|Any CPU
		{A957A6CD-6EFA-41E6-9DA2-22598B3B87B7}.Debug|Any CPU.ActiveCfg = Debug|Any CPU
		{A957A6CD-6EFA-41E6-9DA2-22598B3B87B7}.Debug|Any CPU.Build.0 = Debug|Any CPU
		{A957A6CD-6EFA-41E6-9DA2-22598B3B87B7}.Release|Any CPU.ActiveCfg = Release|Any CPU
		{A957A6CD-6EFA-41E6-9DA2-22598B3B87B7}.Release|Any CPU.Build.0 = Release|Any CPU
		{0EA81906-AA9D-4BB5-8BF6-A0A109D8404F}.Debug|Any CPU.ActiveCfg = Debug|Any CPU
		{0EA81906-AA9D-4BB5-8BF6-A0A109D8404F}.Debug|Any CPU.Build.0 = Debug|Any CPU
		{0EA81906-AA9D-4BB5-8BF6-A0A109D8404F}.Release|Any CPU.ActiveCfg = Release|Any CPU
		{0EA81906-AA9D-4BB5-8BF6-A0A109D8404F}.Release|Any CPU.Build.0 = Release|Any CPU
		{4EF0690B-47FA-4D8F-BB97-F8064D49468D}.Debug|Any CPU.ActiveCfg = Debug|Any CPU
		{4EF0690B-47FA-4D8F-BB97-F8064D49468D}.Debug|Any CPU.Build.0 = Debug|Any CPU
		{4EF0690B-47FA-4D8F-BB97-F8064D49468D}.Release|Any CPU.ActiveCfg = Release|Any CPU
		{4EF0690B-47FA-4D8F-BB97-F8064D49468D}.Release|Any CPU.Build.0 = Release|Any CPU
		{A9C44D89-28BB-4A3A-AEAD-844CFEA0084A}.Debug|Any CPU.ActiveCfg = Debug|Any CPU
		{A9C44D89-28BB-4A3A-AEAD-844CFEA0084A}.Debug|Any CPU.Build.0 = Debug|Any CPU
		{A9C44D89-28BB-4A3A-AEAD-844CFEA0084A}.Release|Any CPU.ActiveCfg = Release|Any CPU
		{A9C44D89-28BB-4A3A-AEAD-844CFEA0084A}.Release|Any CPU.Build.0 = Release|Any CPU
		{62BF11FC-6634-4849-AC64-C1084813994F}.Debug|Any CPU.ActiveCfg = Debug|Any CPU
		{62BF11FC-6634-4849-AC64-C1084813994F}.Debug|Any CPU.Build.0 = Debug|Any CPU
		{62BF11FC-6634-4849-AC64-C1084813994F}.Release|Any CPU.ActiveCfg = Release|Any CPU
		{62BF11FC-6634-4849-AC64-C1084813994F}.Release|Any CPU.Build.0 = Release|Any CPU
		{CA9FE1E4-1074-4228-8A41-8FCB80919264}.Debug|Any CPU.ActiveCfg = Debug|Any CPU
		{CA9FE1E4-1074-4228-8A41-8FCB80919264}.Debug|Any CPU.Build.0 = Debug|Any CPU
		{CA9FE1E4-1074-4228-8A41-8FCB80919264}.Release|Any CPU.ActiveCfg = Release|Any CPU
		{CA9FE1E4-1074-4228-8A41-8FCB80919264}.Release|Any CPU.Build.0 = Release|Any CPU
		{C555D52C-76DB-4328-9A35-8A71E42EC23D}.Debug|Any CPU.ActiveCfg = Debug|Any CPU
		{C555D52C-76DB-4328-9A35-8A71E42EC23D}.Debug|Any CPU.Build.0 = Debug|Any CPU
		{C555D52C-76DB-4328-9A35-8A71E42EC23D}.Release|Any CPU.ActiveCfg = Release|Any CPU
		{C555D52C-76DB-4328-9A35-8A71E42EC23D}.Release|Any CPU.Build.0 = Release|Any CPU
		{77C17B0A-C066-4F63-ADF1-96985C0D78DC}.Debug|Any CPU.ActiveCfg = Debug|Any CPU
		{77C17B0A-C066-4F63-ADF1-96985C0D78DC}.Debug|Any CPU.Build.0 = Debug|Any CPU
		{77C17B0A-C066-4F63-ADF1-96985C0D78DC}.Release|Any CPU.ActiveCfg = Release|Any CPU
		{77C17B0A-C066-4F63-ADF1-96985C0D78DC}.Release|Any CPU.Build.0 = Release|Any CPU
		{B548C505-E147-40DD-8410-A5447BF90474}.Debug|Any CPU.ActiveCfg = Debug|Any CPU
		{B548C505-E147-40DD-8410-A5447BF90474}.Debug|Any CPU.Build.0 = Debug|Any CPU
		{B548C505-E147-40DD-8410-A5447BF90474}.Release|Any CPU.ActiveCfg = Release|Any CPU
		{B548C505-E147-40DD-8410-A5447BF90474}.Release|Any CPU.Build.0 = Release|Any CPU
		{882BACD5-5B0A-4E09-9581-7E07ED0B72EB}.Debug|Any CPU.ActiveCfg = Debug|Any CPU
		{882BACD5-5B0A-4E09-9581-7E07ED0B72EB}.Debug|Any CPU.Build.0 = Debug|Any CPU
		{882BACD5-5B0A-4E09-9581-7E07ED0B72EB}.Release|Any CPU.ActiveCfg = Release|Any CPU
		{882BACD5-5B0A-4E09-9581-7E07ED0B72EB}.Release|Any CPU.Build.0 = Release|Any CPU
		{51FEB3E6-C400-4F08-8CEB-66C6E40BF851}.Debug|Any CPU.ActiveCfg = Debug|Any CPU
		{51FEB3E6-C400-4F08-8CEB-66C6E40BF851}.Debug|Any CPU.Build.0 = Debug|Any CPU
		{51FEB3E6-C400-4F08-8CEB-66C6E40BF851}.Release|Any CPU.ActiveCfg = Release|Any CPU
		{51FEB3E6-C400-4F08-8CEB-66C6E40BF851}.Release|Any CPU.Build.0 = Release|Any CPU
		{332D1A19-8548-4701-AF4F-DBCE11DC5CFE}.Debug|Any CPU.ActiveCfg = Debug|Any CPU
		{332D1A19-8548-4701-AF4F-DBCE11DC5CFE}.Debug|Any CPU.Build.0 = Debug|Any CPU
		{332D1A19-8548-4701-AF4F-DBCE11DC5CFE}.Release|Any CPU.ActiveCfg = Release|Any CPU
		{332D1A19-8548-4701-AF4F-DBCE11DC5CFE}.Release|Any CPU.Build.0 = Release|Any CPU
		{45CB1721-DE8D-416C-A84E-4F7706B832A4}.Debug|Any CPU.ActiveCfg = Debug|Any CPU
		{45CB1721-DE8D-416C-A84E-4F7706B832A4}.Debug|Any CPU.Build.0 = Debug|Any CPU
		{45CB1721-DE8D-416C-A84E-4F7706B832A4}.Release|Any CPU.ActiveCfg = Release|Any CPU
		{45CB1721-DE8D-416C-A84E-4F7706B832A4}.Release|Any CPU.Build.0 = Release|Any CPU
	EndGlobalSection
	GlobalSection(SolutionProperties) = preSolution
		HideSolutionNode = FALSE
	EndGlobalSection
	GlobalSection(ExtensibilityGlobals) = postSolution
		SolutionGuid = {0CA773B7-DB63-4F2C-8024-9F927D21682A}
	EndGlobalSection
EndGlobal
